// !$*UTF8*$!
{
	archiveVersion = 1;
	classes = {
	};
	objectVersion = 48;
	objects = {

/* Begin PBXBuildFile section */
		F244A06F202FE6C4007B0537 /* AppDelegate.m in Sources */ = {isa = PBXBuildFile; fileRef = F244A06E202FE6C4007B0537 /* AppDelegate.m */; };
		F244A072202FE6C4007B0537 /* ViewController.m in Sources */ = {isa = PBXBuildFile; fileRef = F244A071202FE6C4007B0537 /* ViewController.m */; };
		F244A077202FE6C4007B0537 /* Assets.xcassets in Resources */ = {isa = PBXBuildFile; fileRef = F244A076202FE6C4007B0537 /* Assets.xcassets */; };
		F244A07A202FE6C4007B0537 /* LaunchScreen.storyboard in Resources */ = {isa = PBXBuildFile; fileRef = F244A078202FE6C4007B0537 /* LaunchScreen.storyboard */; };
		F244A07D202FE6C4007B0537 /* main.m in Sources */ = {isa = PBXBuildFile; fileRef = F244A07C202FE6C4007B0537 /* main.m */; };
		F244A087202FE6C5007B0537 /* JNetNotifyTests.m in Sources */ = {isa = PBXBuildFile; fileRef = F244A086202FE6C5007B0537 /* JNetNotifyTests.m */; };
		F244A092202FE6C5007B0537 /* JNetNotifyUITests.m in Sources */ = {isa = PBXBuildFile; fileRef = F244A091202FE6C5007B0537 /* JNetNotifyUITests.m */; };
		F244A0A1202FE6E4007B0537 /* JNetNotifyView.m in Sources */ = {isa = PBXBuildFile; fileRef = F244A0A0202FE6E4007B0537 /* JNetNotifyView.m */; };
		F244A0A4202FEA21007B0537 /* Main.storyboard in Resources */ = {isa = PBXBuildFile; fileRef = F244A0A2202FEA21007B0537 /* Main.storyboard */; };
		F244A0A6202FEB06007B0537 /* timg.jpeg in Resources */ = {isa = PBXBuildFile; fileRef = F244A0A5202FEB06007B0537 /* timg.jpeg */; };
/* End PBXBuildFile section */

/* Begin PBXContainerItemProxy section */
		F244A083202FE6C4007B0537 /* PBXContainerItemProxy */ = {
			isa = PBXContainerItemProxy;
			containerPortal = F244A062202FE6C4007B0537 /* Project object */;
			proxyType = 1;
			remoteGlobalIDString = F244A069202FE6C4007B0537;
			remoteInfo = JNetNotify;
		};
		F244A08E202FE6C5007B0537 /* PBXContainerItemProxy */ = {
			isa = PBXContainerItemProxy;
			containerPortal = F244A062202FE6C4007B0537 /* Project object */;
			proxyType = 1;
			remoteGlobalIDString = F244A069202FE6C4007B0537;
			remoteInfo = JNetNotify;
		};
/* End PBXContainerItemProxy section */

/* Begin PBXFileReference section */
		F244A06A202FE6C4007B0537 /* JNetNotify.app */ = {isa = PBXFileReference; explicitFileType = wrapper.application; includeInIndex = 0; path = JNetNotify.app; sourceTree = BUILT_PRODUCTS_DIR; };
		F244A06D202FE6C4007B0537 /* AppDelegate.h */ = {isa = PBXFileReference; lastKnownFileType = sourcecode.c.h; path = AppDelegate.h; sourceTree = "<group>"; };
		F244A06E202FE6C4007B0537 /* AppDelegate.m */ = {isa = PBXFileReference; lastKnownFileType = sourcecode.c.objc; path = AppDelegate.m; sourceTree = "<group>"; };
		F244A070202FE6C4007B0537 /* ViewController.h */ = {isa = PBXFileReference; lastKnownFileType = sourcecode.c.h; path = ViewController.h; sourceTree = "<group>"; };
		F244A071202FE6C4007B0537 /* ViewController.m */ = {isa = PBXFileReference; lastKnownFileType = sourcecode.c.objc; path = ViewController.m; sourceTree = "<group>"; };
		F244A076202FE6C4007B0537 /* Assets.xcassets */ = {isa = PBXFileReference; lastKnownFileType = folder.assetcatalog; path = Assets.xcassets; sourceTree = "<group>"; };
		F244A079202FE6C4007B0537 /* Base */ = {isa = PBXFileReference; lastKnownFileType = file.storyboard; name = Base; path = Base.lproj/LaunchScreen.storyboard; sourceTree = "<group>"; };
		F244A07B202FE6C4007B0537 /* Info.plist */ = {isa = PBXFileReference; lastKnownFileType = text.plist.xml; path = Info.plist; sourceTree = "<group>"; };
		F244A07C202FE6C4007B0537 /* main.m */ = {isa = PBXFileReference; lastKnownFileType = sourcecode.c.objc; path = main.m; sourceTree = "<group>"; };
		F244A082202FE6C4007B0537 /* JNetNotifyTests.xctest */ = {isa = PBXFileReference; explicitFileType = wrapper.cfbundle; includeInIndex = 0; path = JNetNotifyTests.xctest; sourceTree = BUILT_PRODUCTS_DIR; };
		F244A086202FE6C5007B0537 /* JNetNotifyTests.m */ = {isa = PBXFileReference; lastKnownFileType = sourcecode.c.objc; path = JNetNotifyTests.m; sourceTree = "<group>"; };
		F244A088202FE6C5007B0537 /* Info.plist */ = {isa = PBXFileReference; lastKnownFileType = text.plist.xml; path = Info.plist; sourceTree = "<group>"; };
		F244A08D202FE6C5007B0537 /* JNetNotifyUITests.xctest */ = {isa = PBXFileReference; explicitFileType = wrapper.cfbundle; includeInIndex = 0; path = JNetNotifyUITests.xctest; sourceTree = BUILT_PRODUCTS_DIR; };
		F244A091202FE6C5007B0537 /* JNetNotifyUITests.m */ = {isa = PBXFileReference; lastKnownFileType = sourcecode.c.objc; path = JNetNotifyUITests.m; sourceTree = "<group>"; };
		F244A093202FE6C5007B0537 /* Info.plist */ = {isa = PBXFileReference; lastKnownFileType = text.plist.xml; path = Info.plist; sourceTree = "<group>"; };
		F244A09F202FE6E4007B0537 /* JNetNotifyView.h */ = {isa = PBXFileReference; fileEncoding = 4; lastKnownFileType = sourcecode.c.h; path = JNetNotifyView.h; sourceTree = "<group>"; };
		F244A0A0202FE6E4007B0537 /* JNetNotifyView.m */ = {isa = PBXFileReference; fileEncoding = 4; lastKnownFileType = sourcecode.c.objc; path = JNetNotifyView.m; sourceTree = "<group>"; };
		F244A0A3202FEA21007B0537 /* Base */ = {isa = PBXFileReference; lastKnownFileType = file.storyboard; name = Base; path = Base.lproj/Main.storyboard; sourceTree = "<group>"; };
		F244A0A5202FEB06007B0537 /* timg.jpeg */ = {isa = PBXFileReference; lastKnownFileType = image.jpeg; path = timg.jpeg; sourceTree = "<group>"; };
/* End PBXFileReference section */

/* Begin PBXFrameworksBuildPhase section */
		F244A067202FE6C4007B0537 /* Frameworks */ = {
			isa = PBXFrameworksBuildPhase;
			buildActionMask = 2147483647;
			files = (
			);
			runOnlyForDeploymentPostprocessing = 0;
		};
		F244A07F202FE6C4007B0537 /* Frameworks */ = {
			isa = PBXFrameworksBuildPhase;
			buildActionMask = 2147483647;
			files = (
			);
			runOnlyForDeploymentPostprocessing = 0;
		};
		F244A08A202FE6C5007B0537 /* Frameworks */ = {
			isa = PBXFrameworksBuildPhase;
			buildActionMask = 2147483647;
			files = (
			);
			runOnlyForDeploymentPostprocessing = 0;
		};
/* End PBXFrameworksBuildPhase section */

/* Begin PBXGroup section */
		F244A061202FE6C4007B0537 = {
			isa = PBXGroup;
			children = (
				F244A06C202FE6C4007B0537 /* JNetNotify */,
				F244A085202FE6C4007B0537 /* JNetNotifyTests */,
				F244A090202FE6C5007B0537 /* JNetNotifyUITests */,
				F244A06B202FE6C4007B0537 /* Products */,
			);
			sourceTree = "<group>";
		};
		F244A06B202FE6C4007B0537 /* Products */ = {
			isa = PBXGroup;
			children = (
				F244A06A202FE6C4007B0537 /* JNetNotify.app */,
				F244A082202FE6C4007B0537 /* JNetNotifyTests.xctest */,
				F244A08D202FE6C5007B0537 /* JNetNotifyUITests.xctest */,
			);
			name = Products;
			sourceTree = "<group>";
		};
		F244A06C202FE6C4007B0537 /* JNetNotify */ = {
			isa = PBXGroup;
			children = (
				F244A0A5202FEB06007B0537 /* timg.jpeg */,
				F244A09F202FE6E4007B0537 /* JNetNotifyView.h */,
				F244A0A0202FE6E4007B0537 /* JNetNotifyView.m */,
				F244A06D202FE6C4007B0537 /* AppDelegate.h */,
				F244A06E202FE6C4007B0537 /* AppDelegate.m */,
				F244A070202FE6C4007B0537 /* ViewController.h */,
				F244A071202FE6C4007B0537 /* ViewController.m */,
				F244A076202FE6C4007B0537 /* Assets.xcassets */,
				F244A078202FE6C4007B0537 /* LaunchScreen.storyboard */,
				F244A0A2202FEA21007B0537 /* Main.storyboard */,
				F244A07B202FE6C4007B0537 /* Info.plist */,
				F244A07C202FE6C4007B0537 /* main.m */,
			);
			path = JNetNotify;
			sourceTree = "<group>";
		};
		F244A085202FE6C4007B0537 /* JNetNotifyTests */ = {
			isa = PBXGroup;
			children = (
				F244A086202FE6C5007B0537 /* JNetNotifyTests.m */,
				F244A088202FE6C5007B0537 /* Info.plist */,
			);
			path = JNetNotifyTests;
			sourceTree = "<group>";
		};
		F244A090202FE6C5007B0537 /* JNetNotifyUITests */ = {
			isa = PBXGroup;
			children = (
				F244A091202FE6C5007B0537 /* JNetNotifyUITests.m */,
				F244A093202FE6C5007B0537 /* Info.plist */,
			);
			path = JNetNotifyUITests;
			sourceTree = "<group>";
		};
/* End PBXGroup section */

/* Begin PBXNativeTarget section */
		F244A069202FE6C4007B0537 /* JNetNotify */ = {
			isa = PBXNativeTarget;
			buildConfigurationList = F244A096202FE6C5007B0537 /* Build configuration list for PBXNativeTarget "JNetNotify" */;
			buildPhases = (
				F244A066202FE6C4007B0537 /* Sources */,
				F244A067202FE6C4007B0537 /* Frameworks */,
				F244A068202FE6C4007B0537 /* Resources */,
			);
			buildRules = (
			);
			dependencies = (
			);
			name = JNetNotify;
			productName = JNetNotify;
			productReference = F244A06A202FE6C4007B0537 /* JNetNotify.app */;
			productType = "com.apple.product-type.application";
		};
		F244A081202FE6C4007B0537 /* JNetNotifyTests */ = {
			isa = PBXNativeTarget;
			buildConfigurationList = F244A099202FE6C5007B0537 /* Build configuration list for PBXNativeTarget "JNetNotifyTests" */;
			buildPhases = (
				F244A07E202FE6C4007B0537 /* Sources */,
				F244A07F202FE6C4007B0537 /* Frameworks */,
				F244A080202FE6C4007B0537 /* Resources */,
			);
			buildRules = (
			);
			dependencies = (
				F244A084202FE6C4007B0537 /* PBXTargetDependency */,
			);
			name = JNetNotifyTests;
			productName = JNetNotifyTests;
			productReference = F244A082202FE6C4007B0537 /* JNetNotifyTests.xctest */;
			productType = "com.apple.product-type.bundle.unit-test";
		};
		F244A08C202FE6C5007B0537 /* JNetNotifyUITests */ = {
			isa = PBXNativeTarget;
			buildConfigurationList = F244A09C202FE6C5007B0537 /* Build configuration list for PBXNativeTarget "JNetNotifyUITests" */;
			buildPhases = (
				F244A089202FE6C5007B0537 /* Sources */,
				F244A08A202FE6C5007B0537 /* Frameworks */,
				F244A08B202FE6C5007B0537 /* Resources */,
			);
			buildRules = (
			);
			dependencies = (
				F244A08F202FE6C5007B0537 /* PBXTargetDependency */,
			);
			name = JNetNotifyUITests;
			productName = JNetNotifyUITests;
			productReference = F244A08D202FE6C5007B0537 /* JNetNotifyUITests.xctest */;
			productType = "com.apple.product-type.bundle.ui-testing";
		};
/* End PBXNativeTarget section */

/* Begin PBXProject section */
		F244A062202FE6C4007B0537 /* Project object */ = {
			isa = PBXProject;
			attributes = {
				LastUpgradeCheck = 0920;
				ORGANIZATIONNAME = "Wei Zou";
				TargetAttributes = {
					F244A069202FE6C4007B0537 = {
						CreatedOnToolsVersion = 9.2;
						ProvisioningStyle = Automatic;
					};
					F244A081202FE6C4007B0537 = {
						CreatedOnToolsVersion = 9.2;
						ProvisioningStyle = Automatic;
						TestTargetID = F244A069202FE6C4007B0537;
					};
					F244A08C202FE6C5007B0537 = {
						CreatedOnToolsVersion = 9.2;
						ProvisioningStyle = Automatic;
						TestTargetID = F244A069202FE6C4007B0537;
					};
				};
			};
			buildConfigurationList = F244A065202FE6C4007B0537 /* Build configuration list for PBXProject "JNetNotify" */;
			compatibilityVersion = "Xcode 8.0";
			developmentRegion = en;
			hasScannedForEncodings = 0;
			knownRegions = (
				en,
				Base,
			);
			mainGroup = F244A061202FE6C4007B0537;
			productRefGroup = F244A06B202FE6C4007B0537 /* Products */;
			projectDirPath = "";
			projectRoot = "";
			targets = (
				F244A069202FE6C4007B0537 /* JNetNotify */,
				F244A081202FE6C4007B0537 /* JNetNotifyTests */,
				F244A08C202FE6C5007B0537 /* JNetNotifyUITests */,
			);
		};
/* End PBXProject section */

/* Begin PBXResourcesBuildPhase section */
		F244A068202FE6C4007B0537 /* Resources */ = {
			isa = PBXResourcesBuildPhase;
			buildActionMask = 2147483647;
			files = (
				F244A0A4202FEA21007B0537 /* Main.storyboard in Resources */,
				F244A07A202FE6C4007B0537 /* LaunchScreen.storyboard in Resources */,
				F244A0A6202FEB06007B0537 /* timg.jpeg in Resources */,
				F244A077202FE6C4007B0537 /* Assets.xcassets in Resources */,
			);
			runOnlyForDeploymentPostprocessing = 0;
		};
		F244A080202FE6C4007B0537 /* Resources */ = {
			isa = PBXResourcesBuildPhase;
			buildActionMask = 2147483647;
			files = (
			);
			runOnlyForDeploymentPostprocessing = 0;
		};
		F244A08B202FE6C5007B0537 /* Resources */ = {
			isa = PBXResourcesBuildPhase;
			buildActionMask = 2147483647;
			files = (
			);
			runOnlyForDeploymentPostprocessing = 0;
		};
/* End PBXResourcesBuildPhase section */

/* Begin PBXSourcesBuildPhase section */
		F244A066202FE6C4007B0537 /* Sources */ = {
			isa = PBXSourcesBuildPhase;
			buildActionMask = 2147483647;
			files = (
				F244A0A1202FE6E4007B0537 /* JNetNotifyView.m in Sources */,
				F244A072202FE6C4007B0537 /* ViewController.m in Sources */,
				F244A07D202FE6C4007B0537 /* main.m in Sources */,
				F244A06F202FE6C4007B0537 /* AppDelegate.m in Sources */,
			);
			runOnlyForDeploymentPostprocessing = 0;
		};
		F244A07E202FE6C4007B0537 /* Sources */ = {
			isa = PBXSourcesBuildPhase;
			buildActionMask = 2147483647;
			files = (
				F244A087202FE6C5007B0537 /* JNetNotifyTests.m in Sources */,
			);
			runOnlyForDeploymentPostprocessing = 0;
		};
		F244A089202FE6C5007B0537 /* Sources */ = {
			isa = PBXSourcesBuildPhase;
			buildActionMask = 2147483647;
			files = (
				F244A092202FE6C5007B0537 /* JNetNotifyUITests.m in Sources */,
			);
			runOnlyForDeploymentPostprocessing = 0;
		};
/* End PBXSourcesBuildPhase section */

/* Begin PBXTargetDependency section */
		F244A084202FE6C4007B0537 /* PBXTargetDependency */ = {
			isa = PBXTargetDependency;
			target = F244A069202FE6C4007B0537 /* JNetNotify */;
			targetProxy = F244A083202FE6C4007B0537 /* PBXContainerItemProxy */;
		};
		F244A08F202FE6C5007B0537 /* PBXTargetDependency */ = {
			isa = PBXTargetDependency;
			target = F244A069202FE6C4007B0537 /* JNetNotify */;
			targetProxy = F244A08E202FE6C5007B0537 /* PBXContainerItemProxy */;
		};
/* End PBXTargetDependency section */

/* Begin PBXVariantGroup section */
		F244A078202FE6C4007B0537 /* LaunchScreen.storyboard */ = {
			isa = PBXVariantGroup;
			children = (
				F244A079202FE6C4007B0537 /* Base */,
			);
			name = LaunchScreen.storyboard;
			sourceTree = "<group>";
		};
		F244A0A2202FEA21007B0537 /* Main.storyboard */ = {
			isa = PBXVariantGroup;
			children = (
				F244A0A3202FEA21007B0537 /* Base */,
			);
			name = Main.storyboard;
			sourceTree = "<group>";
		};
/* End PBXVariantGroup section */

/* Begin XCBuildConfiguration section */
		F244A094202FE6C5007B0537 /* Debug */ = {
			isa = XCBuildConfiguration;
			buildSettings = {
				ALWAYS_SEARCH_USER_PATHS = NO;
				CLANG_ANALYZER_NONNULL = YES;
				CLANG_ANALYZER_NUMBER_OBJECT_CONVERSION = YES_AGGRESSIVE;
				CLANG_CXX_LANGUAGE_STANDARD = "gnu++14";
				CLANG_CXX_LIBRARY = "libc++";
				CLANG_ENABLE_MODULES = YES;
				CLANG_ENABLE_OBJC_ARC = YES;
				CLANG_WARN_BLOCK_CAPTURE_AUTORELEASING = YES;
				CLANG_WARN_BOOL_CONVERSION = YES;
				CLANG_WARN_COMMA = YES;
				CLANG_WARN_CONSTANT_CONVERSION = YES;
				CLANG_WARN_DIRECT_OBJC_ISA_USAGE = YES_ERROR;
				CLANG_WARN_DOCUMENTATION_COMMENTS = YES;
				CLANG_WARN_EMPTY_BODY = YES;
				CLANG_WARN_ENUM_CONVERSION = YES;
				CLANG_WARN_INFINITE_RECURSION = YES;
				CLANG_WARN_INT_CONVERSION = YES;
				CLANG_WARN_NON_LITERAL_NULL_CONVERSION = YES;
				CLANG_WARN_OBJC_LITERAL_CONVERSION = YES;
				CLANG_WARN_OBJC_ROOT_CLASS = YES_ERROR;
				CLANG_WARN_RANGE_LOOP_ANALYSIS = YES;
				CLANG_WARN_STRICT_PROTOTYPES = YES;
				CLANG_WARN_SUSPICIOUS_MOVE = YES;
				CLANG_WARN_UNGUARDED_AVAILABILITY = YES_AGGRESSIVE;
				CLANG_WARN_UNREACHABLE_CODE = YES;
				CLANG_WARN__DUPLICATE_METHOD_MATCH = YES;
				CODE_SIGN_IDENTITY = "iPhone Developer";
				COPY_PHASE_STRIP = NO;
				DEBUG_INFORMATION_FORMAT = dwarf;
				ENABLE_STRICT_OBJC_MSGSEND = YES;
				ENABLE_TESTABILITY = YES;
				GCC_C_LANGUAGE_STANDARD = gnu11;
				GCC_DYNAMIC_NO_PIC = NO;
				GCC_NO_COMMON_BLOCKS = YES;
				GCC_OPTIMIZATION_LEVEL = 0;
				GCC_PREPROCESSOR_DEFINITIONS = (
					"DEBUG=1",
					"$(inherited)",
				);
				GCC_WARN_64_TO_32_BIT_CONVERSION = YES;
				GCC_WARN_ABOUT_RETURN_TYPE = YES_ERROR;
				GCC_WARN_UNDECLARED_SELECTOR = YES;
				GCC_WARN_UNINITIALIZED_AUTOS = YES_AGGRESSIVE;
				GCC_WARN_UNUSED_FUNCTION = YES;
				GCC_WARN_UNUSED_VARIABLE = YES;
				IPHONEOS_DEPLOYMENT_TARGET = 11.2;
				MTL_ENABLE_DEBUG_INFO = YES;
				ONLY_ACTIVE_ARCH = YES;
				SDKROOT = iphoneos;
			};
			name = Debug;
		};
		F244A095202FE6C5007B0537 /* Release */ = {
			isa = XCBuildConfiguration;
			buildSettings = {
				ALWAYS_SEARCH_USER_PATHS = NO;
				CLANG_ANALYZER_NONNULL = YES;
				CLANG_ANALYZER_NUMBER_OBJECT_CONVERSION = YES_AGGRESSIVE;
				CLANG_CXX_LANGUAGE_STANDARD = "gnu++14";
				CLANG_CXX_LIBRARY = "libc++";
				CLANG_ENABLE_MODULES = YES;
				CLANG_ENABLE_OBJC_ARC = YES;
				CLANG_WARN_BLOCK_CAPTURE_AUTORELEASING = YES;
				CLANG_WARN_BOOL_CONVERSION = YES;
				CLANG_WARN_COMMA = YES;
				CLANG_WARN_CONSTANT_CONVERSION = YES;
				CLANG_WARN_DIRECT_OBJC_ISA_USAGE = YES_ERROR;
				CLANG_WARN_DOCUMENTATION_COMMENTS = YES;
				CLANG_WARN_EMPTY_BODY = YES;
				CLANG_WARN_ENUM_CONVERSION = YES;
				CLANG_WARN_INFINITE_RECURSION = YES;
				CLANG_WARN_INT_CONVERSION = YES;
				CLANG_WARN_NON_LITERAL_NULL_CONVERSION = YES;
				CLANG_WARN_OBJC_LITERAL_CONVERSION = YES;
				CLANG_WARN_OBJC_ROOT_CLASS = YES_ERROR;
				CLANG_WARN_RANGE_LOOP_ANALYSIS = YES;
				CLANG_WARN_STRICT_PROTOTYPES = YES;
				CLANG_WARN_SUSPICIOUS_MOVE = YES;
				CLANG_WARN_UNGUARDED_AVAILABILITY = YES_AGGRESSIVE;
				CLANG_WARN_UNREACHABLE_CODE = YES;
				CLANG_WARN__DUPLICATE_METHOD_MATCH = YES;
				CODE_SIGN_IDENTITY = "iPhone Developer";
				COPY_PHASE_STRIP = NO;
				DEBUG_INFORMATION_FORMAT = "dwarf-with-dsym";
				ENABLE_NS_ASSERTIONS = NO;
				ENABLE_STRICT_OBJC_MSGSEND = YES;
				GCC_C_LANGUAGE_STANDARD = gnu11;
				GCC_NO_COMMON_BLOCKS = YES;
				GCC_WARN_64_TO_32_BIT_CONVERSION = YES;
				GCC_WARN_ABOUT_RETURN_TYPE = YES_ERROR;
				GCC_WARN_UNDECLARED_SELECTOR = YES;
				GCC_WARN_UNINITIALIZED_AUTOS = YES_AGGRESSIVE;
				GCC_WARN_UNUSED_FUNCTION = YES;
				GCC_WARN_UNUSED_VARIABLE = YES;
				IPHONEOS_DEPLOYMENT_TARGET = 11.2;
				MTL_ENABLE_DEBUG_INFO = NO;
				SDKROOT = iphoneos;
				VALIDATE_PRODUCT = YES;
			};
			name = Release;
		};
		F244A097202FE6C5007B0537 /* Debug */ = {
			isa = XCBuildConfiguration;
			buildSettings = {
				ASSETCATALOG_COMPILER_APPICON_NAME = AppIcon;
				CODE_SIGN_STYLE = Automatic;
				DEVELOPMENT_TEAM = 356X4GEZ74;
				INFOPLIST_FILE = JNetNotify/Info.plist;
				IPHONEOS_DEPLOYMENT_TARGET = 9.3;
				LD_RUNPATH_SEARCH_PATHS = "$(inherited) @executable_path/Frameworks";
				PRODUCT_BUNDLE_IDENTIFIER = jingwei.JNetNotify;
				PRODUCT_NAME = "$(TARGET_NAME)";
				TARGETED_DEVICE_FAMILY = "1,2";
			};
			name = Debug;
		};
		F244A098202FE6C5007B0537 /* Release */ = {
			isa = XCBuildConfiguration;
			buildSettings = {
				ASSETCATALOG_COMPILER_APPICON_NAME = AppIcon;
				CODE_SIGN_STYLE = Automatic;
				DEVELOPMENT_TEAM = 356X4GEZ74;
				INFOPLIST_FILE = JNetNotify/Info.plist;
				IPHONEOS_DEPLOYMENT_TARGET = 9.3;
				LD_RUNPATH_SEARCH_PATHS = "$(inherited) @executable_path/Frameworks";
				PRODUCT_BUNDLE_IDENTIFIER = jingwei.JNetNotify;
				PRODUCT_NAME = "$(TARGET_NAME)";
				TARGETED_DEVICE_FAMILY = "1,2";
			};
			name = Release;
		};
		F244A09A202FE6C5007B0537 /* Debug */ = {
			isa = XCBuildConfiguration;
			buildSettings = {
				BUNDLE_LOADER = "$(TEST_HOST)";
				CODE_SIGN_STYLE = Automatic;
				DEVELOPMENT_TEAM = 356X4GEZ74;
				INFOPLIST_FILE = JNetNotifyTests/Info.plist;
				LD_RUNPATH_SEARCH_PATHS = "$(inherited) @executable_path/Frameworks @loader_path/Frameworks";
				PRODUCT_BUNDLE_IDENTIFIER = jingwei.JNetNotifyTests;
				PRODUCT_NAME = "$(TARGET_NAME)";
				TARGETED_DEVICE_FAMILY = "1,2";
				TEST_HOST = "$(BUILT_PRODUCTS_DIR)/JNetNotify.app/JNetNotify";
			};
			name = Debug;
		};
		F244A09B202FE6C5007B0537 /* Release */ = {
			isa = XCBuildConfiguration;
			buildSettings = {
				BUNDLE_LOADER = "$(TEST_HOST)";
				CODE_SIGN_STYLE = Automatic;
				DEVELOPMENT_TEAM = 356X4GEZ74;
				INFOPLIST_FILE = JNetNotifyTests/Info.plist;
				LD_RUNPATH_SEARCH_PATHS = "$(inherited) @executable_path/Frameworks @loader_path/Frameworks";
				PRODUCT_BUNDLE_IDENTIFIER = jingwei.JNetNotifyTests;
				PRODUCT_NAME = "$(TARGET_NAME)";
				TARGETED_DEVICE_FAMILY = "1,2";
				TEST_HOST = "$(BUILT_PRODUCTS_DIR)/JNetNotify.app/JNetNotify";
			};
			name = Release;
		};
		F244A09D202FE6C5007B0537 /* Debug */ = {
			isa = XCBuildConfiguration;
			buildSettings = {
				CODE_SIGN_STYLE = Automatic;
				DEVELOPMENT_TEAM = 356X4GEZ74;
				INFOPLIST_FILE = JNetNotifyUITests/Info.plist;
				LD_RUNPATH_SEARCH_PATHS = "$(inherited) @executable_path/Frameworks @loader_path/Frameworks";
				PRODUCT_BUNDLE_IDENTIFIER = jingwei.JNetNotifyUITests;
				PRODUCT_NAME = "$(TARGET_NAME)";
				TARGETED_DEVICE_FAMILY = "1,2";
				TEST_TARGET_NAME = JNetNotify;
			};
			name = Debug;
		};
		F244A09E202FE6C5007B0537 /* Release */ = {
			isa = XCBuildConfiguration;
			buildSettings = {
				CODE_SIGN_STYLE = Automatic;
				DEVELOPMENT_TEAM = 356X4GEZ74;
				INFOPLIST_FILE = JNetNotifyUITests/Info.plist;
				LD_RUNPATH_SEARCH_PATHS = "$(inherited) @executable_path/Frameworks @loader_path/Frameworks";
				PRODUCT_BUNDLE_IDENTIFIER = jingwei.JNetNotifyUITests;
				PRODUCT_NAME = "$(TARGET_NAME)";
				TARGETED_DEVICE_FAMILY = "1,2";
				TEST_TARGET_NAME = JNetNotify;
			};
			name = Release;
		};
/* End XCBuildConfiguration section */

/* Begin XCConfigurationList section */
		F244A065202FE6C4007B0537 /* Build configuration list for PBXProject "JNetNotify" */ = {
			isa = XCConfigurationList;
			buildConfigurations = (
				F244A094202FE6C5007B0537 /* Debug */,
				F244A095202FE6C5007B0537 /* Release */,
			);
			defaultConfigurationIsVisible = 0;
			defaultConfigurationName = Release;
		};
		F244A096202FE6C5007B0537 /* Build configuration list for PBXNativeTarget "JNetNotify" */ = {
			isa = XCConfigurationList;
			buildConfigurations = (
				F244A097202FE6C5007B0537 /* Debug */,
				F244A098202FE6C5007B0537 /* Release */,
			);
			defaultConfigurationIsVisible = 0;
			defaultConfigurationName = Release;
		};
		F244A099202FE6C5007B0537 /* Build configuration list for PBXNativeTarget "JNetNotifyTests" */ = {
			isa = XCConfigurationList;
			buildConfigurations = (
				F244A09A202FE6C5007B0537 /* Debug */,
				F244A09B202FE6C5007B0537 /* Release */,
			);
			defaultConfigurationIsVisible = 0;
			defaultConfigurationName = Release;
		};
		F244A09C202FE6C5007B0537 /* Build configuration list for PBXNativeTarget "JNetNotifyUITests" */ = {
			isa = XCConfigurationList;
			buildConfigurations = (
				F244A09D202FE6C5007B0537 /* Debug */,
				F244A09E202FE6C5007B0537 /* Release */,
			);
			defaultConfigurationIsVisible = 0;
			defaultConfigurationName = Release;
		};
/* End XCConfigurationList section */
	};
	rootObject = F244A062202FE6C4007B0537 /* Project object */;
}
